
Microsoft Visual Studio Solution File, Format Version 12.00
# Visual Studio Version 17
VisualStudioVersion = 17.3.32922.545
MinimumVisualStudioVersion = 10.0.40219.1
Project("{9A19103F-16F7-4668-BE54-9A1E7A4F7556}") = "SignalRProject.Client", "SignalRProject.Client\SignalRProject.Client.csproj", "{FC9729B6-F32C-486C-9140-A6029A05FFA9}"
EndProject
Project("{9A19103F-16F7-4668-BE54-9A1E7A4F7556}") = "SignalRProject.Server", "SignalRProject.Server\SignalRProject.Server.csproj", "{D5C7645C-3C91-4B79-9ECB-C1B24C61169D}"
EndProject
Global
	GlobalSection(SolutionConfigurationPlatforms) = preSolution
		Debug|Any CPU = Debug|Any CPU
		Release|Any CPU = Release|Any CPU
	EndGlobalSection
	GlobalSection(ProjectConfigurationPlatforms) = postSolution
		{FC9729B6-F32C-486C-9140-A6029A05FFA9}.Debug|Any CPU.ActiveCfg = Debug|Any CPU
		{FC9729B6-F32C-486C-9140-A6029A05FFA9}.Debug|Any CPU.Build.0 = Debug|Any CPU
		{FC9729B6-F32C-486C-9140-A6029A05FFA9}.Release|Any CPU.ActiveCfg = Release|Any CPU
		{FC9729B6-F32C-486C-9140-A6029A05FFA9}.Release|Any CPU.Build.0 = Release|Any CPU
		{D5C7645C-3C91-4B79-9ECB-C1B24C61169D}.Debug|Any CPU.ActiveCfg = Debug|Any CPU
		{D5C7645C-3C91-4B79-9ECB-C1B24C61169D}.Debug|Any CPU.Build.0 = Debug|Any CPU
		{D5C7645C-3C91-4B79-9ECB-C1B24C61169D}.Release|Any CPU.ActiveCfg = Release|Any CPU
		{D5C7645C-3C91-4B79-9ECB-C1B24C61169D}.Release|Any CPU.Build.0 = Release|Any CPU
	EndGlobalSection
	GlobalSection(SolutionProperties) = preSolution
		HideSolutionNode = FALSE
	EndGlobalSection
	GlobalSection(ExtensibilityGlobals) = postSolution
		SolutionGuid = {F95231F5-3EE7-40B5-AA04-64DCFDF530DC}
	EndGlobalSection
EndGlobal
